
Microsoft Visual Studio Solution File, Format Version 12.00
# Visual Studio Version 16
VisualStudioVersion = 16.0.31624.102
MinimumVisualStudioVersion = 10.0.40219.1
Project("{9A19103F-16F7-4668-BE54-9A1E7A4F7556}") = "InsuranceAPI", "InsuranceAPI\InsuranceAPI.csproj", "{03052BD8-9DF8-4758-A200-0535FB252C71}"
EndProject
Project("{9A19103F-16F7-4668-BE54-9A1E7A4F7556}") = "InsuranceAPPv1", "InsuranceAPPv1\InsuranceAPPv1.csproj", "{01D18F51-C7F8-4524-BF55-75F7C48181D0}"
EndProject
Global
	GlobalSection(SolutionConfigurationPlatforms) = preSolution
		Debug|Any CPU = Debug|Any CPU
		Release|Any CPU = Release|Any CPU
	EndGlobalSection
	GlobalSection(ProjectConfigurationPlatforms) = postSolution
		{03052BD8-9DF8-4758-A200-0535FB252C71}.Debug|Any CPU.ActiveCfg = Debug|Any CPU
		{03052BD8-9DF8-4758-A200-0535FB252C71}.Debug|Any CPU.Build.0 = Debug|Any CPU
		{03052BD8-9DF8-4758-A200-0535FB252C71}.Release|Any CPU.ActiveCfg = Release|Any CPU
		{03052BD8-9DF8-4758-A200-0535FB252C71}.Release|Any CPU.Build.0 = Release|Any CPU
		{01D18F51-C7F8-4524-BF55-75F7C48181D0}.Debug|Any CPU.ActiveCfg = Debug|Any CPU
		{01D18F51-C7F8-4524-BF55-75F7C48181D0}.Debug|Any CPU.Build.0 = Debug|Any CPU
		{01D18F51-C7F8-4524-BF55-75F7C48181D0}.Release|Any CPU.ActiveCfg = Release|Any CPU
		{01D18F51-C7F8-4524-BF55-75F7C48181D0}.Release|Any CPU.Build.0 = Release|Any CPU
	EndGlobalSection
	GlobalSection(SolutionProperties) = preSolution
		HideSolutionNode = FALSE
	EndGlobalSection
	GlobalSection(ExtensibilityGlobals) = postSolution
		SolutionGuid = {2FE4D878-0ADE-40AC-8B00-902508C94391}
	EndGlobalSection
EndGlobal
